
Microsoft Visual Studio Solution File, Format Version 12.00
# Visual Studio Version 17
VisualStudioVersion = 17.6.33723.286
MinimumVisualStudioVersion = 10.0.40219.1
Project("{9A19103F-16F7-4668-BE54-9A1E7A4F7556}") = "OuviCidadeV3", "OuviCidadeV3.csproj", "{0AEE662D-9EF5-483E-A7DE-097F2B29FB52}"
EndProject
Global
	GlobalSection(SolutionConfigurationPlatforms) = preSolution
		Debug|Any CPU = Debug|Any CPU
		Release|Any CPU = Release|Any CPU
	EndGlobalSection
	GlobalSection(ProjectConfigurationPlatforms) = postSolution
		{0AEE662D-9EF5-483E-A7DE-097F2B29FB52}.Debug|Any CPU.ActiveCfg = Debug|Any CPU
		{0AEE662D-9EF5-483E-A7DE-097F2B29FB52}.Debug|Any CPU.Build.0 = Debug|Any CPU
		{0AEE662D-9EF5-483E-A7DE-097F2B29FB52}.Release|Any CPU.ActiveCfg = Release|Any CPU
		{0AEE662D-9EF5-483E-A7DE-097F2B29FB52}.Release|Any CPU.Build.0 = Release|Any CPU
	EndGlobalSection
	GlobalSection(SolutionProperties) = preSolution
		HideSolutionNode = FALSE
	EndGlobalSection
	GlobalSection(ExtensibilityGlobals) = postSolution
		SolutionGuid = {70F790BB-C3A1-4D60-8AF7-EEF9BD0C6735}
	EndGlobalSection
EndGlobal
